
Microsoft Visual Studio Solution File, Format Version 12.00
# Visual Studio 15
VisualStudioVersion = 15.0.27130.2010
MinimumVisualStudioVersion = 10.0.40219.1
Project("{FAE04EC0-301F-11D3-BF4B-00C04F79EFBC}") = "Convert", "Convert.csproj", "{AD7C6899-6ABD-453E-B50E-20C1E138C9B5}"
EndProject
Global
	GlobalSection(SolutionConfigurationPlatforms) = preSolution
		Debug|Any CPU = Debug|Any CPU
		Release|Any CPU = Release|Any CPU
	EndGlobalSection
	GlobalSection(ProjectConfigurationPlatforms) = postSolution
		{AD7C6899-6ABD-453E-B50E-20C1E138C9B5}.Debug|Any CPU.ActiveCfg = Debug|Any CPU
		{AD7C6899-6ABD-453E-B50E-20C1E138C9B5}.Debug|Any CPU.Build.0 = Debug|Any CPU
		{AD7C6899-6ABD-453E-B50E-20C1E138C9B5}.Release|Any CPU.ActiveCfg = Release|Any CPU
		{AD7C6899-6ABD-453E-B50E-20C1E138C9B5}.Release|Any CPU.Build.0 = Release|Any CPU
	EndGlobalSection
	GlobalSection(SolutionProperties) = preSolution
		HideSolutionNode = FALSE
	EndGlobalSection
	GlobalSection(ExtensibilityGlobals) = postSolution
		SolutionGuid = {D114491B-6DFF-44CF-B4A4-24A7B3547AD0}
	EndGlobalSection
EndGlobal
